
Microsoft Visual Studio Solution File, Format Version 12.00
# Visual Studio Version 17
VisualStudioVersion = 17.1.32421.90
MinimumVisualStudioVersion = 10.0.40219.1
Project("{FAE04EC0-301F-11D3-BF4B-00C04F79EFBC}") = "FollowersDualWieldPatcher", "FollowersDualWieldPatcher\FollowersDualWieldPatcher.csproj", "{C0564ECE-EA46-45FA-9C02-17B2756AC588}"
EndProject
Global
	GlobalSection(SolutionConfigurationPlatforms) = preSolution
		Debug|Any CPU = Debug|Any CPU
		Release|Any CPU = Release|Any CPU
	EndGlobalSection
	GlobalSection(ProjectConfigurationPlatforms) = postSolution
		{C0564ECE-EA46-45FA-9C02-17B2756AC588}.Debug|Any CPU.ActiveCfg = Debug|Any CPU
		{C0564ECE-EA46-45FA-9C02-17B2756AC588}.Debug|Any CPU.Build.0 = Debug|Any CPU
		{C0564ECE-EA46-45FA-9C02-17B2756AC588}.Release|Any CPU.ActiveCfg = Release|Any CPU
		{C0564ECE-EA46-45FA-9C02-17B2756AC588}.Release|Any CPU.Build.0 = Release|Any CPU
	EndGlobalSection
	GlobalSection(SolutionProperties) = preSolution
		HideSolutionNode = FALSE
	EndGlobalSection
	GlobalSection(ExtensibilityGlobals) = postSolution
		SolutionGuid = {112497E0-38BE-4E74-902F-161201A0B6CE}
	EndGlobalSection
EndGlobal
